
Microsoft Visual Studio Solution File, Format Version 12.00
# Visual Studio Version 16
VisualStudioVersion = 16.0.30503.244
MinimumVisualStudioVersion = 10.0.40219.1
Project("{9A19103F-16F7-4668-BE54-9A1E7A4F7556}") = "CypherClasses", "CypherClasses\CypherClasses.csproj", "{357BEC4A-31D4-488A-B7B4-791B436295DC}"
EndProject
Project("{FAE04EC0-301F-11D3-BF4B-00C04F79EFBC}") = "TestConsole", "TestConsole\TestConsole.csproj", "{A205C87B-947E-4438-876E-CB157C2ADEDB}"
EndProject
Global
	GlobalSection(SolutionConfigurationPlatforms) = preSolution
		Debug|Any CPU = Debug|Any CPU
		Release|Any CPU = Release|Any CPU
	EndGlobalSection
	GlobalSection(ProjectConfigurationPlatforms) = postSolution
		{357BEC4A-31D4-488A-B7B4-791B436295DC}.Debug|Any CPU.ActiveCfg = Debug|Any CPU
		{357BEC4A-31D4-488A-B7B4-791B436295DC}.Debug|Any CPU.Build.0 = Debug|Any CPU
		{357BEC4A-31D4-488A-B7B4-791B436295DC}.Release|Any CPU.ActiveCfg = Release|Any CPU
		{357BEC4A-31D4-488A-B7B4-791B436295DC}.Release|Any CPU.Build.0 = Release|Any CPU
		{A205C87B-947E-4438-876E-CB157C2ADEDB}.Debug|Any CPU.ActiveCfg = Debug|Any CPU
		{A205C87B-947E-4438-876E-CB157C2ADEDB}.Debug|Any CPU.Build.0 = Debug|Any CPU
		{A205C87B-947E-4438-876E-CB157C2ADEDB}.Release|Any CPU.ActiveCfg = Release|Any CPU
		{A205C87B-947E-4438-876E-CB157C2ADEDB}.Release|Any CPU.Build.0 = Release|Any CPU
	EndGlobalSection
	GlobalSection(SolutionProperties) = preSolution
		HideSolutionNode = FALSE
	EndGlobalSection
	GlobalSection(ExtensibilityGlobals) = postSolution
		SolutionGuid = {03009FD3-36F8-4174-869F-05C51D70F45F}
	EndGlobalSection
EndGlobal
